# This file is autogenerated, do not edit; changes may be undone by the next 'dep ensure'.


[[projects]]
  digest = "1:a2682518d905d662d984ef9959984ef87cecb777d379bfa9d9fe40e78069b3e4"
  name = "github.com/PuerkitoBio/purell"
  packages = ["."]
  pruneopts = "UT"
  revision = "44968752391892e1b0d0b821ee79e9a85fa13049"
  version = "v1.1.1"

[[projects]]
  branch = "master"
  digest = "1:c739832d67eb1e9cc478a19cc1a1ccd78df0397bf8a32978b759152e205f644b"
  name = "github.com/PuerkitoBio/urlesc"
  packages = ["."]
  pruneopts = "UT"
  revision = "de5bf2ad457846296e2031421a34e2568e304e35"

[[projects]]
  digest = "1:c68aba66f5db6052fd838d9a7d60d8859f8c11b8c1d9ac9758f69c7a51efc07a"
  name = "github.com/asaskevich/govalidator"
  packages = ["."]
  pruneopts = "UT"
  revision = "475eaeb164960a651e97470412a7d3b0c5036105"
  version = "v10"

[[projects]]
  digest = "1:e95ef557dc3120984bb66b385ae01b4bb8ff56bcde28e7b0d1beed0cccc4d69f"
  name = "github.com/docker/go-units"
  packages = ["."]
  pruneopts = "UT"
  revision = "519db1ee28dcc9fd2474ae59fca29a810482bfb1"
  version = "v0.4.0"

[[projects]]
  digest = "1:1b1f68a87dd0f828ee951475f4a33012f45475957ee2c77e0e41abeebbb02e3c"
  name = "github.com/go-openapi/analysis"
  packages = [
    ".",
    "internal",
  ]
  pruneopts = "UT"
  revision = "421cb960388d1c41b1d4f0eee5300257ac289c97"
  version = "v0.19.10"

[[projects]]
  digest = "1:2085c605117b9b52889c4c1b221739e228ca0f39faed4ef13465c7f32c350ebe"
  name = "github.com/go-openapi/errors"
  packages = ["."]
  pruneopts = "UT"
  revision = "34a71fb81ae13cc914d218367d944c1cb93bc4b4"
  version = "v0.19.4"

[[projects]]
  digest = "1:ed15647db08b6d63666bf9755d337725960c302bbfa5e23754b4b915a4797e42"
  name = "github.com/go-openapi/jsonpointer"
  packages = ["."]
  pruneopts = "UT"
  revision = "ed123515f087412cd7ef02e49b0b0a5e6a79a360"
  version = "v0.19.3"

[[projects]]
  digest = "1:451fe53c19443c6941be5d4295edc973a3eb16baccb940efee94284024be03b0"
  name = "github.com/go-openapi/jsonreference"
  packages = ["."]
  pruneopts = "UT"
  revision = "82f31475a8f7a12bc26962f6e26ceade8ea6f66a"
  version = "v0.19.3"

[[projects]]
  digest = "1:2aa2219434b56450e68de4ce5e5dcd14ecb289b3a1bbfa91fc22855b507012a2"
  name = "github.com/go-openapi/loads"
  packages = ["."]
  pruneopts = "UT"
  revision = "18bb1f3437c08e833e5f629003bafc2a3884d19f"
  version = "v0.19.5"

[[projects]]
  digest = "1:8f64ae2fd22fbf0467141bab380fc3d5c6d61f4574921cd9d8b2f78b6189b5e8"
  name = "github.com/go-openapi/runtime"
  packages = [
    ".",
    "flagext",
    "logger",
    "middleware",
    "middleware/denco",
    "middleware/header",
    "middleware/untyped",
    "security",
  ]
  pruneopts = "UT"
  revision = "c42b563795754e2c4a497435bee531e18e93bfb0"
  version = "v0.19.14"

[[projects]]
  digest = "1:9e6992ea4c7005c711e3460e90d20e0c40cce6743bbdc65d12e8fe45e5b6beaf"
  name = "github.com/go-openapi/spec"
  packages = ["."]
  pruneopts = "UT"
  revision = "1297e9a4ddf9325269fe013d7c1300aac3985f92"
  version = "v0.19.7"

[[projects]]
  digest = "1:462bb5aad8e422edfcfdb254b34a8dd6e538a72a9e720d2615eedfa106d76a35"
  name = "github.com/go-openapi/strfmt"
  packages = ["."]
  pruneopts = "UT"
  revision = "2887e74ed0fe2aea628affe322b19fc3112f98cd"
  version = "v0.19.5"

[[projects]]
  digest = "1:8b59d79dc97889c333cdad6fcbd9c47d4d9abc19a5ec0683bfa40e5a36d1b1b7"
  name = "github.com/go-openapi/swag"
  packages = ["."]
  pruneopts = "UT"
  revision = "59a9232e9392613952a0a4c90523c40c99140043"
  version = "v0.19.8"

[[projects]]
  digest = "1:68f7e70a78ef84c0b070ef90e9013ca0706579d3ec17acbc8e5ee311da9873f9"
  name = "github.com/go-openapi/validate"
  packages = ["."]
  pruneopts = "UT"
  revision = "2ddc1827652e11f55541c3a14ec2ec050f0f7ca8"
  version = "v0.19.7"

[[projects]]
  digest = "1:586ea76dbd0374d6fb649a91d70d652b7fe0ccffb8910a77468e7702e7901f3d"
  name = "github.com/go-stack/stack"
  packages = ["."]
  pruneopts = "UT"
  revision = "2fee6af1a9795aafbe0253a0cfbdf668e1fb8a9a"
  version = "v1.8.0"

[[projects]]
  digest = "1:a2cff208d4759f6ba1b1cd228587b0a1869f95f22542ec9cd17fff64430113c7"
  name = "github.com/jessevdk/go-flags"
  packages = ["."]
  pruneopts = "UT"
  revision = "c6ca198ec95c841fdb89fc0de7496fed11ab854e"
  version = "v1.4.0"

[[projects]]
  digest = "1:7bbccd3dd7998f2a180264ec1d12e362ed8e02f55ea7b82ac0d0f48ffa2d8888"
  name = "github.com/mailru/easyjson"
  packages = [
    "buffer",
    "jlexer",
    "jwriter",
  ]
  pruneopts = "UT"
  revision = "8edcc4e51f39ddbd3505a3386aff3f435a7fd028"
  version = "v0.7.1"

[[projects]]
  digest = "1:6ea2d98ba8ae7c06a918970661b744be5d1a385c40917b9c317e9a4f2c36ac6f"
  name = "github.com/mitchellh/mapstructure"
  packages = ["."]
  pruneopts = "UT"
  revision = "694aaefbc689be1915c2ef39e880409057931a94"
  version = "v1.2.2"

[[projects]]
  digest = "1:a300b9466f2839e5dd4f9e4d329f383c96fe648258d741a0245e9cd7ddaf9c39"
  name = "go.mongodb.org/mongo-driver"
  packages = [
    "bson",
    "bson/bsoncodec",
    "bson/bsonoptions",
    "bson/bsonrw",
    "bson/bsontype",
    "bson/primitive",
    "x/bsonx/bsoncore",
  ]
  pruneopts = "UT"
  revision = "17ea4abd2ac121376c1f782964fce1c3ee692915"
  version = "v1.3.1"

[[projects]]
  branch = "master"
  digest = "1:33fa3ac4d26c3690a6a85aa8fa7b7efbd1bc9194d2d4bdd277a81f1451d60278"
  name = "golang.org/x/net"
  packages = [
    "idna",
    "netutil",
  ]
  pruneopts = "UT"
  revision = "118fecf932d8fea033f3b7aca66fba22cfdd517d"

[[projects]]
  digest = "1:66a2f252a58b4fbbad0e4e180e1d85a83c222b6bce09c3dcdef3dc87c72eda7c"
  name = "golang.org/x/text"
  packages = [
    "collate",
    "collate/build",
    "internal/colltab",
    "internal/gen",
    "internal/language",
    "internal/language/compact",
    "internal/tag",
    "internal/triegen",
    "internal/ucd",
    "language",
    "secure/bidirule",
    "transform",
    "unicode/bidi",
    "unicode/cldr",
    "unicode/norm",
    "unicode/rangetable",
    "width",
  ]
  pruneopts = "UT"
  revision = "342b2e1fbaa52c93f31447ad2c6abc048c63e475"
  version = "v0.3.2"

[[projects]]
  digest = "1:55b110c99c5fdc4f14930747326acce56b52cfce60b24b1c03ef686ac0e46bb1"
  name = "gopkg.in/yaml.v2"
  packages = ["."]
  pruneopts = "UT"
  revision = "53403b58ad1b561927d19068c655246f2db79d48"
  version = "v2.2.8"

[solve-meta]
  analyzer-name = "dep"
  analyzer-version = 1
  input-imports = [
    "github.com/go-openapi/errors",
    "github.com/go-openapi/loads",
    "github.com/go-openapi/runtime",
    "github.com/go-openapi/runtime/flagext",
    "github.com/go-openapi/runtime/middleware",
    "github.com/go-openapi/runtime/security",
    "github.com/go-openapi/spec",
    "github.com/go-openapi/strfmt",
    "github.com/go-openapi/swag",
    "github.com/go-openapi/validate",
    "github.com/jessevdk/go-flags",
    "golang.org/x/net/netutil",
  ]
  solver-name = "gps-cdcl"
  solver-version = 1
